// !$*UTF8*$!
{
	archiveVersion = 1;
	classes = {
	};
	objectVersion = 50;
	objects = {

/* Begin PBXBuildFile section */
		C3CC235E2472E5CB005401A4 /* AppDelegate.swift in Sources */ = {isa = PBXBuildFile; fileRef = C3CC235D2472E5CB005401A4 /* AppDelegate.swift */; };
		C3CC23602472E5CB005401A4 /* SceneDelegate.swift in Sources */ = {isa = PBXBuildFile; fileRef = C3CC235F2472E5CB005401A4 /* SceneDelegate.swift */; };
		C3CC23622472E5CB005401A4 /* ViewController.swift in Sources */ = {isa = PBXBuildFile; fileRef = C3CC23612472E5CB005401A4 /* ViewController.swift */; };
		C3CC23652472E5CB005401A4 /* Main.storyboard in Resources */ = {isa = PBXBuildFile; fileRef = C3CC23632472E5CB005401A4 /* Main.storyboard */; };
		C3CC23672472E5D0005401A4 /* Assets.xcassets in Resources */ = {isa = PBXBuildFile; fileRef = C3CC23662472E5D0005401A4 /* Assets.xcassets */; };
		C3CC236A2472E5D0005401A4 /* LaunchScreen.storyboard in Resources */ = {isa = PBXBuildFile; fileRef = C3CC23682472E5D0005401A4 /* LaunchScreen.storyboard */; };
		CC9BAE45211DFFCC573B18D8 /* Pods_NCMBSample.framework in Frameworks */ = {isa = PBXBuildFile; fileRef = EDC5D355262B2A56F48F812C /* Pods_NCMBSample.framework */; };
/* End PBXBuildFile section */

/* Begin PBXFileReference section */
		5AE9DA87C4A778C928699BC2 /* Pods-NCMBSample.release.xcconfig */ = {isa = PBXFileReference; includeInIndex = 1; lastKnownFileType = text.xcconfig; name = "Pods-NCMBSample.release.xcconfig"; path = "Target Support Files/Pods-NCMBSample/Pods-NCMBSample.release.xcconfig"; sourceTree = "<group>"; };
		C3CC235A2472E5CB005401A4 /* NCMBSample.app */ = {isa = PBXFileReference; explicitFileType = wrapper.application; includeInIndex = 0; path = NCMBSample.app; sourceTree = BUILT_PRODUCTS_DIR; };
		C3CC235D2472E5CB005401A4 /* AppDelegate.swift */ = {isa = PBXFileReference; lastKnownFileType = sourcecode.swift; path = AppDelegate.swift; sourceTree = "<group>"; };
		C3CC235F2472E5CB005401A4 /* SceneDelegate.swift */ = {isa = PBXFileReference; lastKnownFileType = sourcecode.swift; path = SceneDelegate.swift; sourceTree = "<group>"; };
		C3CC23612472E5CB005401A4 /* ViewController.swift */ = {isa = PBXFileReference; lastKnownFileType = sourcecode.swift; path = ViewController.swift; sourceTree = "<group>"; };
		C3CC23642472E5CB005401A4 /* Base */ = {isa = PBXFileReference; lastKnownFileType = file.storyboard; name = Base; path = Base.lproj/Main.storyboard; sourceTree = "<group>"; };
		C3CC23662472E5D0005401A4 /* Assets.xcassets */ = {isa = PBXFileReference; lastKnownFileType = folder.assetcatalog; path = Assets.xcassets; sourceTree = "<group>"; };
		C3CC23692472E5D0005401A4 /* Base */ = {isa = PBXFileReference; lastKnownFileType = file.storyboard; name = Base; path = Base.lproj/LaunchScreen.storyboard; sourceTree = "<group>"; };
		C3CC236B2472E5D0005401A4 /* Info.plist */ = {isa = PBXFileReference; lastKnownFileType = text.plist.xml; path = Info.plist; sourceTree = "<group>"; };
		EDC5D355262B2A56F48F812C /* Pods_NCMBSample.framework */ = {isa = PBXFileReference; explicitFileType = wrapper.framework; includeInIndex = 0; path = Pods_NCMBSample.framework; sourceTree = BUILT_PRODUCTS_DIR; };
		F9783F4AD2A6C38BCBAFF271 /* Pods-NCMBSample.debug.xcconfig */ = {isa = PBXFileReference; includeInIndex = 1; lastKnownFileType = text.xcconfig; name = "Pods-NCMBSample.debug.xcconfig"; path = "Target Support Files/Pods-NCMBSample/Pods-NCMBSample.debug.xcconfig"; sourceTree = "<group>"; };
/* End PBXFileReference section */

/* Begin PBXFrameworksBuildPhase section */
		C3CC23572472E5CB005401A4 /* Frameworks */ = {
			isa = PBXFrameworksBuildPhase;
			buildActionMask = 2147483647;
			files = (
				CC9BAE45211DFFCC573B18D8 /* Pods_NCMBSample.framework in Frameworks */,
			);
			runOnlyForDeploymentPostprocessing = 0;
		};
/* End PBXFrameworksBuildPhase section */

/* Begin PBXGroup section */
		158E014768C7CF8DE9966429 /* Pods */ = {
			isa = PBXGroup;
			children = (
				F9783F4AD2A6C38BCBAFF271 /* Pods-NCMBSample.debug.xcconfig */,
				5AE9DA87C4A778C928699BC2 /* Pods-NCMBSample.release.xcconfig */,
			);
			name = Pods;
			path = Pods;
			sourceTree = "<group>";
		};
		575BD8A93FAAD93390C588CC /* Frameworks */ = {
			isa = PBXGroup;
			children = (
				EDC5D355262B2A56F48F812C /* Pods_NCMBSample.framework */,
			);
			name = Frameworks;
			sourceTree = "<group>";
		};
		C3CC23512472E5CB005401A4 = {
			isa = PBXGroup;
			children = (
				C3CC235C2472E5CB005401A4 /* NCMBSample */,
				C3CC235B2472E5CB005401A4 /* Products */,
				158E014768C7CF8DE9966429 /* Pods */,
				575BD8A93FAAD93390C588CC /* Frameworks */,
			);
			sourceTree = "<group>";
		};
		C3CC235B2472E5CB005401A4 /* Products */ = {
			isa = PBXGroup;
			children = (
				C3CC235A2472E5CB005401A4 /* NCMBSample.app */,
			);
			name = Products;
			sourceTree = "<group>";
		};
		C3CC235C2472E5CB005401A4 /* NCMBSample */ = {
			isa = PBXGroup;
			children = (
				C3CC235D2472E5CB005401A4 /* AppDelegate.swift */,
				C3CC235F2472E5CB005401A4 /* SceneDelegate.swift */,
				C3CC23612472E5CB005401A4 /* ViewController.swift */,
				C3CC23632472E5CB005401A4 /* Main.storyboard */,
				C3CC23662472E5D0005401A4 /* Assets.xcassets */,
				C3CC23682472E5D0005401A4 /* LaunchScreen.storyboard */,
				C3CC236B2472E5D0005401A4 /* Info.plist */,
			);
			path = NCMBSample;
			sourceTree = "<group>";
		};
/* End PBXGroup section */

/* Begin PBXNativeTarget section */
		C3CC23592472E5CB005401A4 /* NCMBSample */ = {
			isa = PBXNativeTarget;
			buildConfigurationList = C3CC236E2472E5D0005401A4 /* Build configuration list for PBXNativeTarget "NCMBSample" */;
			buildPhases = (
				E2CA437423E893B5AEE11986 /* [CP] Check Pods Manifest.lock */,
				C3CC23562472E5CB005401A4 /* Sources */,
				C3CC23572472E5CB005401A4 /* Frameworks */,
				C3CC23582472E5CB005401A4 /* Resources */,
				CECFA4D9AC7E1E49E41A8946 /* [CP] Embed Pods Frameworks */,
			);
			buildRules = (
			);
			dependencies = (
			);
			name = NCMBSample;
			productName = NCMBSample;
			productReference = C3CC235A2472E5CB005401A4 /* NCMBSample.app */;
			productType = "com.apple.product-type.application";
		};
/* End PBXNativeTarget section */

/* Begin PBXProject section */
		C3CC23522472E5CB005401A4 /* Project object */ = {
			isa = PBXProject;
			attributes = {
				LastSwiftUpdateCheck = 1140;
				LastUpgradeCheck = 1140;
				ORGANIZATIONNAME = TakumiKato;
				TargetAttributes = {
					C3CC23592472E5CB005401A4 = {
						CreatedOnToolsVersion = 11.4.1;
					};
				};
			};
			buildConfigurationList = C3CC23552472E5CB005401A4 /* Build configuration list for PBXProject "NCMBSample" */;
			compatibilityVersion = "Xcode 9.3";
			developmentRegion = en;
			hasScannedForEncodings = 0;
			knownRegions = (
				en,
				Base,
			);
			mainGroup = C3CC23512472E5CB005401A4;
			productRefGroup = C3CC235B2472E5CB005401A4 /* Products */;
			projectDirPath = "";
			projectRoot = "";
			targets = (
				C3CC23592472E5CB005401A4 /* NCMBSample */,
			);
		};
/* End PBXProject section */

/* Begin PBXResourcesBuildPhase section */
		C3CC23582472E5CB005401A4 /* Resources */ = {
			isa = PBXResourcesBuildPhase;
			buildActionMask = 2147483647;
			files = (
				C3CC236A2472E5D0005401A4 /* LaunchScreen.storyboard in Resources */,
				C3CC23672472E5D0005401A4 /* Assets.xcassets in Resources */,
				C3CC23652472E5CB005401A4 /* Main.storyboard in Resources */,
			);
			runOnlyForDeploymentPostprocessing = 0;
		};
/* End PBXResourcesBuildPhase section */

/* Begin PBXShellScriptBuildPhase section */
		CECFA4D9AC7E1E49E41A8946 /* [CP] Embed Pods Frameworks */ = {
			isa = PBXShellScriptBuildPhase;
			buildActionMask = 2147483647;
			files = (
			);
			inputFileListPaths = (
				"${PODS_ROOT}/Target Support Files/Pods-NCMBSample/Pods-NCMBSample-frameworks-${CONFIGURATION}-input-files.xcfilelist",
			);
			name = "[CP] Embed Pods Frameworks";
			outputFileListPaths = (
				"${PODS_ROOT}/Target Support Files/Pods-NCMBSample/Pods-NCMBSample-frameworks-${CONFIGURATION}-output-files.xcfilelist",
			);
			runOnlyForDeploymentPostprocessing = 0;
			shellPath = /bin/sh;
			shellScript = "\"${PODS_ROOT}/Target Support Files/Pods-NCMBSample/Pods-NCMBSample-frameworks.sh\"\n";
			showEnvVarsInLog = 0;
		};
		E2CA437423E893B5AEE11986 /* [CP] Check Pods Manifest.lock */ = {
			isa = PBXShellScriptBuildPhase;
			buildActionMask = 2147483647;
			files = (
			);
			inputFileListPaths = (
			);
			inputPaths = (
				"${PODS_PODFILE_DIR_PATH}/Podfile.lock",
				"${PODS_ROOT}/Manifest.lock",
			);
			name = "[CP] Check Pods Manifest.lock";
			outputFileListPaths = (
			);
			outputPaths = (
				"$(DERIVED_FILE_DIR)/Pods-NCMBSample-checkManifestLockResult.txt",
			);
			runOnlyForDeploymentPostprocessing = 0;
			shellPath = /bin/sh;
			shellScript = "diff \"${PODS_PODFILE_DIR_PATH}/Podfile.lock\" \"${PODS_ROOT}/Manifest.lock\" > /dev/null\nif [ $? != 0 ] ; then\n    # print error to STDERR\n    echo \"error: The sandbox is not in sync with the Podfile.lock. Run 'pod install' or update your CocoaPods installation.\" >&2\n    exit 1\nfi\n# This output is used by Xcode 'outputs' to avoid re-running this script phase.\necho \"SUCCESS\" > \"${SCRIPT_OUTPUT_FILE_0}\"\n";
			showEnvVarsInLog = 0;
		};
/* End PBXShellScriptBuildPhase section */

/* Begin PBXSourcesBuildPhase section */
		C3CC23562472E5CB005401A4 /* Sources */ = {
			isa = PBXSourcesBuildPhase;
			buildActionMask = 2147483647;
			files = (
				C3CC23622472E5CB005401A4 /* ViewController.swift in Sources */,
				C3CC235E2472E5CB005401A4 /* AppDelegate.swift in Sources */,
				C3CC23602472E5CB005401A4 /* SceneDelegate.swift in Sources */,
			);
			runOnlyForDeploymentPostprocessing = 0;
		};
/* End PBXSourcesBuildPhase section */

/* Begin PBXVariantGroup section */
		C3CC23632472E5CB005401A4 /* Main.storyboard */ = {
			isa = PBXVariantGroup;
			children = (
				C3CC23642472E5CB005401A4 /* Base */,
			);
			name = Main.storyboard;
			sourceTree = "<group>";
		};
		C3CC23682472E5D0005401A4 /* LaunchScreen.storyboard */ = {
			isa = PBXVariantGroup;
			children = (
				C3CC23692472E5D0005401A4 /* Base */,
			);
			name = LaunchScreen.storyboard;
			sourceTree = "<group>";
		};
/* End PBXVariantGroup section */

/* Begin XCBuildConfiguration section */
		C3CC236C2472E5D0005401A4 /* Debug */ = {
			isa = XCBuildConfiguration;
			buildSettings = {
				ALWAYS_SEARCH_USER_PATHS = NO;
				CLANG_ANALYZER_NONNULL = YES;
				CLANG_ANALYZER_NUMBER_OBJECT_CONVERSION = YES_AGGRESSIVE;
				CLANG_CXX_LANGUAGE_STANDARD = "gnu++14";
				CLANG_CXX_LIBRARY = "libc++";
				CLANG_ENABLE_MODULES = YES;
				CLANG_ENABLE_OBJC_ARC = YES;
				CLANG_ENABLE_OBJC_WEAK = YES;
				CLANG_WARN_BLOCK_CAPTURE_AUTORELEASING = YES;
				CLANG_WARN_BOOL_CONVERSION = YES;
				CLANG_WARN_COMMA = YES;
				CLANG_WARN_CONSTANT_CONVERSION = YES;
				CLANG_WARN_DEPRECATED_OBJC_IMPLEMENTATIONS = YES;
				CLANG_WARN_DIRECT_OBJC_ISA_USAGE = YES_ERROR;
				CLANG_WARN_DOCUMENTATION_COMMENTS = YES;
				CLANG_WARN_EMPTY_BODY = YES;
				CLANG_WARN_ENUM_CONVERSION = YES;
				CLANG_WARN_INFINITE_RECURSION = YES;
				CLANG_WARN_INT_CONVERSION = YES;
				CLANG_WARN_NON_LITERAL_NULL_CONVERSION = YES;
				CLANG_WARN_OBJC_IMPLICIT_RETAIN_SELF = YES;
				CLANG_WARN_OBJC_LITERAL_CONVERSION = YES;
				CLANG_WARN_OBJC_ROOT_CLASS = YES_ERROR;
				CLANG_WARN_RANGE_LOOP_ANALYSIS = YES;
				CLANG_WARN_STRICT_PROTOTYPES = YES;
				CLANG_WARN_SUSPICIOUS_MOVE = YES;
				CLANG_WARN_UNGUARDED_AVAILABILITY = YES_AGGRESSIVE;
				CLANG_WARN_UNREACHABLE_CODE = YES;
				CLANG_WARN__DUPLICATE_METHOD_MATCH = YES;
				COPY_PHASE_STRIP = NO;
				DEBUG_INFORMATION_FORMAT = dwarf;
				ENABLE_STRICT_OBJC_MSGSEND = YES;
				ENABLE_TESTABILITY = YES;
				GCC_C_LANGUAGE_STANDARD = gnu11;
				GCC_DYNAMIC_NO_PIC = NO;
				GCC_NO_COMMON_BLOCKS = YES;
				GCC_OPTIMIZATION_LEVEL = 0;
				GCC_PREPROCESSOR_DEFINITIONS = (
					"DEBUG=1",
					"$(inherited)",
				);
				GCC_WARN_64_TO_32_BIT_CONVERSION = YES;
				GCC_WARN_ABOUT_RETURN_TYPE = YES_ERROR;
				GCC_WARN_UNDECLARED_SELECTOR = YES;
				GCC_WARN_UNINITIALIZED_AUTOS = YES_AGGRESSIVE;
				GCC_WARN_UNUSED_FUNCTION = YES;
				GCC_WARN_UNUSED_VARIABLE = YES;
				IPHONEOS_DEPLOYMENT_TARGET = 13.4;
				MTL_ENABLE_DEBUG_INFO = INCLUDE_SOURCE;
				MTL_FAST_MATH = YES;
				ONLY_ACTIVE_ARCH = YES;
				SDKROOT = iphoneos;
				SWIFT_ACTIVE_COMPILATION_CONDITIONS = DEBUG;
				SWIFT_OPTIMIZATION_LEVEL = "-Onone";
			};
			name = Debug;
		};
		C3CC236D2472E5D0005401A4 /* Release */ = {
			isa = XCBuildConfiguration;
			buildSettings = {
				ALWAYS_SEARCH_USER_PATHS = NO;
				CLANG_ANALYZER_NONNULL = YES;
				CLANG_ANALYZER_NUMBER_OBJECT_CONVERSION = YES_AGGRESSIVE;
				CLANG_CXX_LANGUAGE_STANDARD = "gnu++14";
				CLANG_CXX_LIBRARY = "libc++";
				CLANG_ENABLE_MODULES = YES;
				CLANG_ENABLE_OBJC_ARC = YES;
				CLANG_ENABLE_OBJC_WEAK = YES;
				CLANG_WARN_BLOCK_CAPTURE_AUTORELEASING = YES;
				CLANG_WARN_BOOL_CONVERSION = YES;
				CLANG_WARN_COMMA = YES;
				CLANG_WARN_CONSTANT_CONVERSION = YES;
				CLANG_WARN_DEPRECATED_OBJC_IMPLEMENTATIONS = YES;
				CLANG_WARN_DIRECT_OBJC_ISA_USAGE = YES_ERROR;
				CLANG_WARN_DOCUMENTATION_COMMENTS = YES;
				CLANG_WARN_EMPTY_BODY = YES;
				CLANG_WARN_ENUM_CONVERSION = YES;
				CLANG_WARN_INFINITE_RECURSION = YES;
				CLANG_WARN_INT_CONVERSION = YES;
				CLANG_WARN_NON_LITERAL_NULL_CONVERSION = YES;
				CLANG_WARN_OBJC_IMPLICIT_RETAIN_SELF = YES;
				CLANG_WARN_OBJC_LITERAL_CONVERSION = YES;
				CLANG_WARN_OBJC_ROOT_CLASS = YES_ERROR;
				CLANG_WARN_RANGE_LOOP_ANALYSIS = YES;
				CLANG_WARN_STRICT_PROTOTYPES = YES;
				CLANG_WARN_SUSPICIOUS_MOVE = YES;
				CLANG_WARN_UNGUARDED_AVAILABILITY = YES_AGGRESSIVE;
				CLANG_WARN_UNREACHABLE_CODE = YES;
				CLANG_WARN__DUPLICATE_METHOD_MATCH = YES;
				COPY_PHASE_STRIP = NO;
				DEBUG_INFORMATION_FORMAT = "dwarf-with-dsym";
				ENABLE_NS_ASSERTIONS = NO;
				ENABLE_STRICT_OBJC_MSGSEND = YES;
				GCC_C_LANGUAGE_STANDARD = gnu11;
				GCC_NO_COMMON_BLOCKS = YES;
				GCC_WARN_64_TO_32_BIT_CONVERSION = YES;
				GCC_WARN_ABOUT_RETURN_TYPE = YES_ERROR;
				GCC_WARN_UNDECLARED_SELECTOR = YES;
				GCC_WARN_UNINITIALIZED_AUTOS = YES_AGGRESSIVE;
				GCC_WARN_UNUSED_FUNCTION = YES;
				GCC_WARN_UNUSED_VARIABLE = YES;
				IPHONEOS_DEPLOYMENT_TARGET = 13.4;
				MTL_ENABLE_DEBUG_INFO = NO;
				MTL_FAST_MATH = YES;
				SDKROOT = iphoneos;
				SWIFT_COMPILATION_MODE = wholemodule;
				SWIFT_OPTIMIZATION_LEVEL = "-O";
				VALIDATE_PRODUCT = YES;
			};
			name = Release;
		};
		C3CC236F2472E5D0005401A4 /* Debug */ = {
			isa = XCBuildConfiguration;
			baseConfigurationReference = F9783F4AD2A6C38BCBAFF271 /* Pods-NCMBSample.debug.xcconfig */;
			buildSettings = {
				ASSETCATALOG_COMPILER_APPICON_NAME = AppIcon;
				CODE_SIGN_STYLE = Automatic;
				INFOPLIST_FILE = NCMBSample/Info.plist;
				LD_RUNPATH_SEARCH_PATHS = (
					"$(inherited)",
					"@executable_path/Frameworks",
				);
				PRODUCT_BUNDLE_IDENTIFIER = TakumiKato.NCMBSample;
				PRODUCT_NAME = "$(TARGET_NAME)";
				SWIFT_VERSION = 5.0;
				TARGETED_DEVICE_FAMILY = "1,2";
			};
			name = Debug;
		};
		C3CC23702472E5D0005401A4 /* Release */ = {
			isa = XCBuildConfiguration;
			baseConfigurationReference = 5AE9DA87C4A778C928699BC2 /* Pods-NCMBSample.release.xcconfig */;
			buildSettings = {
				ASSETCATALOG_COMPILER_APPICON_NAME = AppIcon;
				CODE_SIGN_STYLE = Automatic;
				INFOPLIST_FILE = NCMBSample/Info.plist;
				LD_RUNPATH_SEARCH_PATHS = (
					"$(inherited)",
					"@executable_path/Frameworks",
				);
				PRODUCT_BUNDLE_IDENTIFIER = TakumiKato.NCMBSample;
				PRODUCT_NAME = "$(TARGET_NAME)";
				SWIFT_VERSION = 5.0;
				TARGETED_DEVICE_FAMILY = "1,2";
			};
			name = Release;
		};
/* End XCBuildConfiguration section */

/* Begin XCConfigurationList section */
		C3CC23552472E5CB005401A4 /* Build configuration list for PBXProject "NCMBSample" */ = {
			isa = XCConfigurationList;
			buildConfigurations = (
				C3CC236C2472E5D0005401A4 /* Debug */,
				C3CC236D2472E5D0005401A4 /* Release */,
			);
			defaultConfigurationIsVisible = 0;
			defaultConfigurationName = Release;
		};
		C3CC236E2472E5D0005401A4 /* Build configuration list for PBXNativeTarget "NCMBSample" */ = {
			isa = XCConfigurationList;
			buildConfigurations = (
				C3CC236F2472E5D0005401A4 /* Debug */,
				C3CC23702472E5D0005401A4 /* Release */,
			);
			defaultConfigurationIsVisible = 0;
			defaultConfigurationName = Release;
		};
/* End XCConfigurationList section */
	};
	rootObject = C3CC23522472E5CB005401A4 /* Project object */;
}
